
Microsoft Visual Studio Solution File, Format Version 12.00
# Visual Studio 15
Project("{FAE04EC0-301F-11D3-BF4B-00C04F79EFBC}") = "Assembly-CSharp", "Assembly-CSharp.csproj", "{A99FFDAA-B17B-3558-9337-853208DD6C42}"
EndProject
Project("{FAE04EC0-301F-11D3-BF4B-00C04F79EFBC}") = "Assembly-CSharp-firstpass", "Assembly-CSharp-firstpass.csproj", "{51050C78-5A66-BC65-57A7-218A76217801}"
EndProject
Project("{FAE04EC0-301F-11D3-BF4B-00C04F79EFBC}") = "AudienceSDK-Assembly", "AudienceSDK-Assembly.csproj", "{ACEE65ED-24C9-7B6E-291D-2B3A13DB6B20}"
EndProject
Project("{FAE04EC0-301F-11D3-BF4B-00C04F79EFBC}") = "Assembly-CSharp-Editor-firstpass", "Assembly-CSharp-Editor-firstpass.csproj", "{91F55115-DB8C-5AC3-15C6-9AEF73019580}"
EndProject
Project("{FAE04EC0-301F-11D3-BF4B-00C04F79EFBC}") = "Assembly-CSharp-Editor", "Assembly-CSharp-Editor.csproj", "{56F9F682-69F2-F67E-C97D-126C726BE8C4}"
EndProject
Global
	GlobalSection(SolutionConfigurationPlatforms) = preSolution
		Debug|Any CPU = Debug|Any CPU
		Release|Any CPU = Release|Any CPU
	EndGlobalSection
	GlobalSection(ProjectConfigurationPlatforms) = postSolution
		{A99FFDAA-B17B-3558-9337-853208DD6C42}.Debug|Any CPU.ActiveCfg = Debug|Any CPU
		{A99FFDAA-B17B-3558-9337-853208DD6C42}.Debug|Any CPU.Build.0 = Debug|Any CPU
		{A99FFDAA-B17B-3558-9337-853208DD6C42}.Release|Any CPU.ActiveCfg = Release|Any CPU
		{A99FFDAA-B17B-3558-9337-853208DD6C42}.Release|Any CPU.Build.0 = Release|Any CPU
		{51050C78-5A66-BC65-57A7-218A76217801}.Debug|Any CPU.ActiveCfg = Debug|Any CPU
		{51050C78-5A66-BC65-57A7-218A76217801}.Debug|Any CPU.Build.0 = Debug|Any CPU
		{51050C78-5A66-BC65-57A7-218A76217801}.Release|Any CPU.ActiveCfg = Release|Any CPU
		{51050C78-5A66-BC65-57A7-218A76217801}.Release|Any CPU.Build.0 = Release|Any CPU
		{ACEE65ED-24C9-7B6E-291D-2B3A13DB6B20}.Debug|Any CPU.ActiveCfg = Debug|Any CPU
		{ACEE65ED-24C9-7B6E-291D-2B3A13DB6B20}.Debug|Any CPU.Build.0 = Debug|Any CPU
		{ACEE65ED-24C9-7B6E-291D-2B3A13DB6B20}.Release|Any CPU.ActiveCfg = Release|Any CPU
		{ACEE65ED-24C9-7B6E-291D-2B3A13DB6B20}.Release|Any CPU.Build.0 = Release|Any CPU
		{91F55115-DB8C-5AC3-15C6-9AEF73019580}.Debug|Any CPU.ActiveCfg = Debug|Any CPU
		{91F55115-DB8C-5AC3-15C6-9AEF73019580}.Debug|Any CPU.Build.0 = Debug|Any CPU
		{91F55115-DB8C-5AC3-15C6-9AEF73019580}.Release|Any CPU.ActiveCfg = Release|Any CPU
		{91F55115-DB8C-5AC3-15C6-9AEF73019580}.Release|Any CPU.Build.0 = Release|Any CPU
		{56F9F682-69F2-F67E-C97D-126C726BE8C4}.Debug|Any CPU.ActiveCfg = Debug|Any CPU
		{56F9F682-69F2-F67E-C97D-126C726BE8C4}.Debug|Any CPU.Build.0 = Debug|Any CPU
		{56F9F682-69F2-F67E-C97D-126C726BE8C4}.Release|Any CPU.ActiveCfg = Release|Any CPU
		{56F9F682-69F2-F67E-C97D-126C726BE8C4}.Release|Any CPU.Build.0 = Release|Any CPU
	EndGlobalSection
	GlobalSection(SolutionProperties) = preSolution
		HideSolutionNode = FALSE
	EndGlobalSection
EndGlobal
