
Microsoft Visual Studio Solution File, Format Version 12.00
# Visual Studio 15
Project("{FAE04EC0-301F-11D3-BF4B-00C04F79EFBC}") = "UnityEngine.UI", "UnityEngine.UI.csproj", "{94E0C01F-EB0F-B06A-C990-EBAE457A31A5}"
EndProject
Project("{FAE04EC0-301F-11D3-BF4B-00C04F79EFBC}") = "UnityEngine.TestRunner", "UnityEngine.TestRunner.csproj", "{7D07C87D-29D4-2F14-2CF2-7206E269ECE3}"
EndProject
Project("{FAE04EC0-301F-11D3-BF4B-00C04F79EFBC}") = "Unity.VisualScripting.Flow", "Unity.VisualScripting.Flow.csproj", "{3187AE2B-91CD-9229-2341-C53D62DDCADA}"
EndProject
Project("{FAE04EC0-301F-11D3-BF4B-00C04F79EFBC}") = "Assembly-CSharp", "Assembly-CSharp.csproj", "{749D71E5-53E5-7D4F-0B19-4A263167C558}"
EndProject
Project("{FAE04EC0-301F-11D3-BF4B-00C04F79EFBC}") = "Assembly-CSharp-firstpass", "Assembly-CSharp-firstpass.csproj", "{1ED49EA0-A0CA-A773-F02B-BF942431F422}"
EndProject
Project("{FAE04EC0-301F-11D3-BF4B-00C04F79EFBC}") = "Unity.Services.Core.Telemetry", "Unity.Services.Core.Telemetry.csproj", "{46EB1E62-A1FA-3C1C-DA9F-7D03D56E3B48}"
EndProject
Project("{FAE04EC0-301F-11D3-BF4B-00C04F79EFBC}") = "Unity.VisualScripting.State", "Unity.VisualScripting.State.csproj", "{23DA521B-E987-E212-6D4B-E95C84583BBF}"
EndProject
Project("{FAE04EC0-301F-11D3-BF4B-00C04F79EFBC}") = "Unity.VisualScripting.Core", "Unity.VisualScripting.Core.csproj", "{D10D1AA6-5964-8B13-750F-D902694A9FCF}"
EndProject
Project("{FAE04EC0-301F-11D3-BF4B-00C04F79EFBC}") = "Unity.Services.Core.Environments.Internal", "Unity.Services.Core.Environments.Internal.csproj", "{DB9F5366-7367-370A-DA6D-E33EF430379C}"
EndProject
Project("{FAE04EC0-301F-11D3-BF4B-00C04F79EFBC}") = "Unity.TextMeshPro", "Unity.TextMeshPro.csproj", "{E0E83B33-B145-C6C0-2D22-0313862676C7}"
EndProject
Project("{FAE04EC0-301F-11D3-BF4B-00C04F79EFBC}") = "Unity.Timeline", "Unity.Timeline.csproj", "{88DFDEB4-200E-7C52-83F8-246F539410A3}"
EndProject
Project("{FAE04EC0-301F-11D3-BF4B-00C04F79EFBC}") = "Unity.Services.Core", "Unity.Services.Core.csproj", "{F64EB65D-6940-6C4B-2C04-7C8544443606}"
EndProject
Project("{FAE04EC0-301F-11D3-BF4B-00C04F79EFBC}") = "Unity.Services.Core.Environments", "Unity.Services.Core.Environments.csproj", "{FCBB352A-B502-D298-8EB6-566BE2E46F57}"
EndProject
Project("{FAE04EC0-301F-11D3-BF4B-00C04F79EFBC}") = "Unity.Services.Core.Internal", "Unity.Services.Core.Internal.csproj", "{85A7DE70-2EBC-AD1E-334F-B27143FD8F13}"
EndProject
Project("{FAE04EC0-301F-11D3-BF4B-00C04F79EFBC}") = "Unity.Services.Core.Analytics", "Unity.Services.Core.Analytics.csproj", "{7C14411D-8048-93C2-2C1B-33C07AE57B78}"
EndProject
Project("{FAE04EC0-301F-11D3-BF4B-00C04F79EFBC}") = "Unity.Services.Core.Scheduler", "Unity.Services.Core.Scheduler.csproj", "{8375C7F4-D859-2DA6-610D-3D10F03EED72}"
EndProject
Project("{FAE04EC0-301F-11D3-BF4B-00C04F79EFBC}") = "Unity.Services.Core.Registration", "Unity.Services.Core.Registration.csproj", "{B00317CD-BC57-47D7-8CAC-44B9D74DFF10}"
EndProject
Project("{FAE04EC0-301F-11D3-BF4B-00C04F79EFBC}") = "Unity.Services.Core.Device", "Unity.Services.Core.Device.csproj", "{62F9C86C-AB1E-304B-0CA1-BCFC49556775}"
EndProject
Project("{FAE04EC0-301F-11D3-BF4B-00C04F79EFBC}") = "Unity.Services.Core.Threading", "Unity.Services.Core.Threading.csproj", "{74518EFE-3B69-EAF3-0378-FF2502D48DBA}"
EndProject
Project("{FAE04EC0-301F-11D3-BF4B-00C04F79EFBC}") = "Unity.Services.Core.Networking", "Unity.Services.Core.Networking.csproj", "{8ECC95BB-AA18-B2F0-C3A6-9A3EB41F338F}"
EndProject
Project("{FAE04EC0-301F-11D3-BF4B-00C04F79EFBC}") = "Unity.Services.Core.Configuration", "Unity.Services.Core.Configuration.csproj", "{41AFB600-A280-42EC-E5DD-133881001A90}"
EndProject
Project("{FAE04EC0-301F-11D3-BF4B-00C04F79EFBC}") = "Unity.PlasticSCM.Editor", "Unity.PlasticSCM.Editor.csproj", "{D6B55033-941F-DAA3-752E-B2BFE7F20AE3}"
EndProject
Project("{FAE04EC0-301F-11D3-BF4B-00C04F79EFBC}") = "Unity.VisualScripting.Core.Editor", "Unity.VisualScripting.Core.Editor.csproj", "{B1557F04-63C8-0CCE-E526-AF7DBA70E582}"
EndProject
Project("{FAE04EC0-301F-11D3-BF4B-00C04F79EFBC}") = "Unity.VisualScripting.Flow.Editor", "Unity.VisualScripting.Flow.Editor.csproj", "{8642643B-A7AE-13BB-EEF2-C04871A15DA9}"
EndProject
Project("{FAE04EC0-301F-11D3-BF4B-00C04F79EFBC}") = "Unity.VisualStudio.Editor", "Unity.VisualStudio.Editor.csproj", "{A19BE562-BE1F-CD37-E49C-B2C573BB4C15}"
EndProject
Project("{FAE04EC0-301F-11D3-BF4B-00C04F79EFBC}") = "Unity.Timeline.Editor", "Unity.Timeline.Editor.csproj", "{0DB2C1C0-9DED-399A-065A-0E42F92826E5}"
EndProject
Project("{FAE04EC0-301F-11D3-BF4B-00C04F79EFBC}") = "Unity.VisualScripting.State.Editor", "Unity.VisualScripting.State.Editor.csproj", "{6673C880-7A17-0636-0A74-616A7B9A4FEA}"
EndProject
Project("{FAE04EC0-301F-11D3-BF4B-00C04F79EFBC}") = "Unity.TextMeshPro.Editor", "Unity.TextMeshPro.Editor.csproj", "{99DC6B0F-E11A-6D9A-D469-1630DFCC21D2}"
EndProject
Project("{FAE04EC0-301F-11D3-BF4B-00C04F79EFBC}") = "Unity.VisualScripting.SettingsProvider.Editor", "Unity.VisualScripting.SettingsProvider.Editor.csproj", "{6264CAC5-BCA7-7118-B0D0-05C96627BD55}"
EndProject
Project("{FAE04EC0-301F-11D3-BF4B-00C04F79EFBC}") = "Unity.CollabProxy.Editor", "Unity.CollabProxy.Editor.csproj", "{12560764-DB47-6D75-B545-7AD4F7AE47A7}"
EndProject
Project("{FAE04EC0-301F-11D3-BF4B-00C04F79EFBC}") = "UnityEditor.TestRunner", "UnityEditor.TestRunner.csproj", "{08714702-B444-4620-4F24-3BCF618B4CA8}"
EndProject
Project("{FAE04EC0-301F-11D3-BF4B-00C04F79EFBC}") = "Unity.Services.Core.Editor", "Unity.Services.Core.Editor.csproj", "{A58C8EBD-20EE-B482-39C1-1748990EDF45}"
EndProject
Project("{FAE04EC0-301F-11D3-BF4B-00C04F79EFBC}") = "Unity.TestTools.CodeCoverage.Editor", "Unity.TestTools.CodeCoverage.Editor.csproj", "{704FB938-FA6D-80DB-164C-6DC29B5105A4}"
EndProject
Project("{FAE04EC0-301F-11D3-BF4B-00C04F79EFBC}") = "Unity.Rider.Editor", "Unity.Rider.Editor.csproj", "{E67B5E45-3244-EF65-002E-0F8B2D5E7986}"
EndProject
Project("{FAE04EC0-301F-11D3-BF4B-00C04F79EFBC}") = "Assembly-CSharp-Editor-firstpass", "Assembly-CSharp-Editor-firstpass.csproj", "{7F1EB7E4-DD86-BE78-FD68-0C39870C8F92}"
EndProject
Project("{FAE04EC0-301F-11D3-BF4B-00C04F79EFBC}") = "Unity.Performance.Profile-Analyzer.Editor", "Unity.Performance.Profile-Analyzer.Editor.csproj", "{34F045C4-904F-2D27-4E3E-2276B53C33D9}"
EndProject
Project("{FAE04EC0-301F-11D3-BF4B-00C04F79EFBC}") = "Assembly-CSharp-Editor", "Assembly-CSharp-Editor.csproj", "{48B9340C-A2B6-7177-E1B0-95C1C44F5DB7}"
EndProject
Project("{FAE04EC0-301F-11D3-BF4B-00C04F79EFBC}") = "Unity.VSCode.Editor", "Unity.VSCode.Editor.csproj", "{77D201B0-6B20-E404-1634-76C9EC6B1702}"
EndProject
Project("{FAE04EC0-301F-11D3-BF4B-00C04F79EFBC}") = "UnityEditor.UI", "UnityEditor.UI.csproj", "{9E5B83E0-BBB2-1DD8-BEA1-0A4F3786A7D8}"
EndProject
Project("{FAE04EC0-301F-11D3-BF4B-00C04F79EFBC}") = "Unity.TestTools.CodeCoverage.Editor.OpenCover.Model", "Unity.TestTools.CodeCoverage.Editor.OpenCover.Model.csproj", "{F0D66C7D-8103-1AE6-F8F0-DDA54E3E582F}"
EndProject
Project("{FAE04EC0-301F-11D3-BF4B-00C04F79EFBC}") = "Unity.EditorCoroutines.Editor", "Unity.EditorCoroutines.Editor.csproj", "{9CBA81BE-974A-BC13-3531-9DF1A13AE175}"
EndProject
Project("{FAE04EC0-301F-11D3-BF4B-00C04F79EFBC}") = "Unity.Settings.Editor", "Unity.Settings.Editor.csproj", "{B30DB48F-5985-5CB9-5623-081FAEB7D48E}"
EndProject
Project("{FAE04EC0-301F-11D3-BF4B-00C04F79EFBC}") = "Unity.Services.Core.Configuration.Editor", "Unity.Services.Core.Configuration.Editor.csproj", "{81E35A08-4741-846F-C1F1-7A0AEB8DB71E}"
EndProject
Project("{FAE04EC0-301F-11D3-BF4B-00C04F79EFBC}") = "Unity.TestTools.CodeCoverage.Editor.OpenCover.Mono.Reflection", "Unity.TestTools.CodeCoverage.Editor.OpenCover.Mono.Reflection.csproj", "{083E9A6A-1F4E-42E6-D955-5D4E8561A8B4}"
EndProject
Project("{FAE04EC0-301F-11D3-BF4B-00C04F79EFBC}") = "Unity.VisualScripting.Shared.Editor", "Unity.VisualScripting.Shared.Editor.csproj", "{7D2CA5E3-572B-502A-F152-111747D424D2}"
EndProject
Global
	GlobalSection(SolutionConfigurationPlatforms) = preSolution
		Debug|Any CPU = Debug|Any CPU
		Release|Any CPU = Release|Any CPU
	EndGlobalSection
	GlobalSection(ProjectConfigurationPlatforms) = postSolution
		{94E0C01F-EB0F-B06A-C990-EBAE457A31A5}.Debug|Any CPU.ActiveCfg = Debug|Any CPU
		{94E0C01F-EB0F-B06A-C990-EBAE457A31A5}.Debug|Any CPU.Build.0 = Debug|Any CPU
		{94E0C01F-EB0F-B06A-C990-EBAE457A31A5}.Release|Any CPU.ActiveCfg = Release|Any CPU
		{94E0C01F-EB0F-B06A-C990-EBAE457A31A5}.Release|Any CPU.Build.0 = Release|Any CPU
		{7D07C87D-29D4-2F14-2CF2-7206E269ECE3}.Debug|Any CPU.ActiveCfg = Debug|Any CPU
		{7D07C87D-29D4-2F14-2CF2-7206E269ECE3}.Debug|Any CPU.Build.0 = Debug|Any CPU
		{7D07C87D-29D4-2F14-2CF2-7206E269ECE3}.Release|Any CPU.ActiveCfg = Release|Any CPU
		{7D07C87D-29D4-2F14-2CF2-7206E269ECE3}.Release|Any CPU.Build.0 = Release|Any CPU
		{3187AE2B-91CD-9229-2341-C53D62DDCADA}.Debug|Any CPU.ActiveCfg = Debug|Any CPU
		{3187AE2B-91CD-9229-2341-C53D62DDCADA}.Debug|Any CPU.Build.0 = Debug|Any CPU
		{3187AE2B-91CD-9229-2341-C53D62DDCADA}.Release|Any CPU.ActiveCfg = Release|Any CPU
		{3187AE2B-91CD-9229-2341-C53D62DDCADA}.Release|Any CPU.Build.0 = Release|Any CPU
		{749D71E5-53E5-7D4F-0B19-4A263167C558}.Debug|Any CPU.ActiveCfg = Debug|Any CPU
		{749D71E5-53E5-7D4F-0B19-4A263167C558}.Debug|Any CPU.Build.0 = Debug|Any CPU
		{749D71E5-53E5-7D4F-0B19-4A263167C558}.Release|Any CPU.ActiveCfg = Release|Any CPU
		{749D71E5-53E5-7D4F-0B19-4A263167C558}.Release|Any CPU.Build.0 = Release|Any CPU
		{1ED49EA0-A0CA-A773-F02B-BF942431F422}.Debug|Any CPU.ActiveCfg = Debug|Any CPU
		{1ED49EA0-A0CA-A773-F02B-BF942431F422}.Debug|Any CPU.Build.0 = Debug|Any CPU
		{1ED49EA0-A0CA-A773-F02B-BF942431F422}.Release|Any CPU.ActiveCfg = Release|Any CPU
		{1ED49EA0-A0CA-A773-F02B-BF942431F422}.Release|Any CPU.Build.0 = Release|Any CPU
		{46EB1E62-A1FA-3C1C-DA9F-7D03D56E3B48}.Debug|Any CPU.ActiveCfg = Debug|Any CPU
		{46EB1E62-A1FA-3C1C-DA9F-7D03D56E3B48}.Debug|Any CPU.Build.0 = Debug|Any CPU
		{46EB1E62-A1FA-3C1C-DA9F-7D03D56E3B48}.Release|Any CPU.ActiveCfg = Release|Any CPU
		{46EB1E62-A1FA-3C1C-DA9F-7D03D56E3B48}.Release|Any CPU.Build.0 = Release|Any CPU
		{23DA521B-E987-E212-6D4B-E95C84583BBF}.Debug|Any CPU.ActiveCfg = Debug|Any CPU
		{23DA521B-E987-E212-6D4B-E95C84583BBF}.Debug|Any CPU.Build.0 = Debug|Any CPU
		{23DA521B-E987-E212-6D4B-E95C84583BBF}.Release|Any CPU.ActiveCfg = Release|Any CPU
		{23DA521B-E987-E212-6D4B-E95C84583BBF}.Release|Any CPU.Build.0 = Release|Any CPU
		{D10D1AA6-5964-8B13-750F-D902694A9FCF}.Debug|Any CPU.ActiveCfg = Debug|Any CPU
		{D10D1AA6-5964-8B13-750F-D902694A9FCF}.Debug|Any CPU.Build.0 = Debug|Any CPU
		{D10D1AA6-5964-8B13-750F-D902694A9FCF}.Release|Any CPU.ActiveCfg = Release|Any CPU
		{D10D1AA6-5964-8B13-750F-D902694A9FCF}.Release|Any CPU.Build.0 = Release|Any CPU
		{DB9F5366-7367-370A-DA6D-E33EF430379C}.Debug|Any CPU.ActiveCfg = Debug|Any CPU
		{DB9F5366-7367-370A-DA6D-E33EF430379C}.Debug|Any CPU.Build.0 = Debug|Any CPU
		{DB9F5366-7367-370A-DA6D-E33EF430379C}.Release|Any CPU.ActiveCfg = Release|Any CPU
		{DB9F5366-7367-370A-DA6D-E33EF430379C}.Release|Any CPU.Build.0 = Release|Any CPU
		{E0E83B33-B145-C6C0-2D22-0313862676C7}.Debug|Any CPU.ActiveCfg = Debug|Any CPU
		{E0E83B33-B145-C6C0-2D22-0313862676C7}.Debug|Any CPU.Build.0 = Debug|Any CPU
		{E0E83B33-B145-C6C0-2D22-0313862676C7}.Release|Any CPU.ActiveCfg = Release|Any CPU
		{E0E83B33-B145-C6C0-2D22-0313862676C7}.Release|Any CPU.Build.0 = Release|Any CPU
		{88DFDEB4-200E-7C52-83F8-246F539410A3}.Debug|Any CPU.ActiveCfg = Debug|Any CPU
		{88DFDEB4-200E-7C52-83F8-246F539410A3}.Debug|Any CPU.Build.0 = Debug|Any CPU
		{88DFDEB4-200E-7C52-83F8-246F539410A3}.Release|Any CPU.ActiveCfg = Release|Any CPU
		{88DFDEB4-200E-7C52-83F8-246F539410A3}.Release|Any CPU.Build.0 = Release|Any CPU
		{F64EB65D-6940-6C4B-2C04-7C8544443606}.Debug|Any CPU.ActiveCfg = Debug|Any CPU
		{F64EB65D-6940-6C4B-2C04-7C8544443606}.Debug|Any CPU.Build.0 = Debug|Any CPU
		{F64EB65D-6940-6C4B-2C04-7C8544443606}.Release|Any CPU.ActiveCfg = Release|Any CPU
		{F64EB65D-6940-6C4B-2C04-7C8544443606}.Release|Any CPU.Build.0 = Release|Any CPU
		{FCBB352A-B502-D298-8EB6-566BE2E46F57}.Debug|Any CPU.ActiveCfg = Debug|Any CPU
		{FCBB352A-B502-D298-8EB6-566BE2E46F57}.Debug|Any CPU.Build.0 = Debug|Any CPU
		{FCBB352A-B502-D298-8EB6-566BE2E46F57}.Release|Any CPU.ActiveCfg = Release|Any CPU
		{FCBB352A-B502-D298-8EB6-566BE2E46F57}.Release|Any CPU.Build.0 = Release|Any CPU
		{85A7DE70-2EBC-AD1E-334F-B27143FD8F13}.Debug|Any CPU.ActiveCfg = Debug|Any CPU
		{85A7DE70-2EBC-AD1E-334F-B27143FD8F13}.Debug|Any CPU.Build.0 = Debug|Any CPU
		{85A7DE70-2EBC-AD1E-334F-B27143FD8F13}.Release|Any CPU.ActiveCfg = Release|Any CPU
		{85A7DE70-2EBC-AD1E-334F-B27143FD8F13}.Release|Any CPU.Build.0 = Release|Any CPU
		{7C14411D-8048-93C2-2C1B-33C07AE57B78}.Debug|Any CPU.ActiveCfg = Debug|Any CPU
		{7C14411D-8048-93C2-2C1B-33C07AE57B78}.Debug|Any CPU.Build.0 = Debug|Any CPU
		{7C14411D-8048-93C2-2C1B-33C07AE57B78}.Release|Any CPU.ActiveCfg = Release|Any CPU
		{7C14411D-8048-93C2-2C1B-33C07AE57B78}.Release|Any CPU.Build.0 = Release|Any CPU
		{8375C7F4-D859-2DA6-610D-3D10F03EED72}.Debug|Any CPU.ActiveCfg = Debug|Any CPU
		{8375C7F4-D859-2DA6-610D-3D10F03EED72}.Debug|Any CPU.Build.0 = Debug|Any CPU
		{8375C7F4-D859-2DA6-610D-3D10F03EED72}.Release|Any CPU.ActiveCfg = Release|Any CPU
		{8375C7F4-D859-2DA6-610D-3D10F03EED72}.Release|Any CPU.Build.0 = Release|Any CPU
		{B00317CD-BC57-47D7-8CAC-44B9D74DFF10}.Debug|Any CPU.ActiveCfg = Debug|Any CPU
		{B00317CD-BC57-47D7-8CAC-44B9D74DFF10}.Debug|Any CPU.Build.0 = Debug|Any CPU
		{B00317CD-BC57-47D7-8CAC-44B9D74DFF10}.Release|Any CPU.ActiveCfg = Release|Any CPU
		{B00317CD-BC57-47D7-8CAC-44B9D74DFF10}.Release|Any CPU.Build.0 = Release|Any CPU
		{62F9C86C-AB1E-304B-0CA1-BCFC49556775}.Debug|Any CPU.ActiveCfg = Debug|Any CPU
		{62F9C86C-AB1E-304B-0CA1-BCFC49556775}.Debug|Any CPU.Build.0 = Debug|Any CPU
		{62F9C86C-AB1E-304B-0CA1-BCFC49556775}.Release|Any CPU.ActiveCfg = Release|Any CPU
		{62F9C86C-AB1E-304B-0CA1-BCFC49556775}.Release|Any CPU.Build.0 = Release|Any CPU
		{74518EFE-3B69-EAF3-0378-FF2502D48DBA}.Debug|Any CPU.ActiveCfg = Debug|Any CPU
		{74518EFE-3B69-EAF3-0378-FF2502D48DBA}.Debug|Any CPU.Build.0 = Debug|Any CPU
		{74518EFE-3B69-EAF3-0378-FF2502D48DBA}.Release|Any CPU.ActiveCfg = Release|Any CPU
		{74518EFE-3B69-EAF3-0378-FF2502D48DBA}.Release|Any CPU.Build.0 = Release|Any CPU
		{8ECC95BB-AA18-B2F0-C3A6-9A3EB41F338F}.Debug|Any CPU.ActiveCfg = Debug|Any CPU
		{8ECC95BB-AA18-B2F0-C3A6-9A3EB41F338F}.Debug|Any CPU.Build.0 = Debug|Any CPU
		{8ECC95BB-AA18-B2F0-C3A6-9A3EB41F338F}.Release|Any CPU.ActiveCfg = Release|Any CPU
		{8ECC95BB-AA18-B2F0-C3A6-9A3EB41F338F}.Release|Any CPU.Build.0 = Release|Any CPU
		{41AFB600-A280-42EC-E5DD-133881001A90}.Debug|Any CPU.ActiveCfg = Debug|Any CPU
		{41AFB600-A280-42EC-E5DD-133881001A90}.Debug|Any CPU.Build.0 = Debug|Any CPU
		{41AFB600-A280-42EC-E5DD-133881001A90}.Release|Any CPU.ActiveCfg = Release|Any CPU
		{41AFB600-A280-42EC-E5DD-133881001A90}.Release|Any CPU.Build.0 = Release|Any CPU
		{D6B55033-941F-DAA3-752E-B2BFE7F20AE3}.Debug|Any CPU.ActiveCfg = Debug|Any CPU
		{D6B55033-941F-DAA3-752E-B2BFE7F20AE3}.Debug|Any CPU.Build.0 = Debug|Any CPU
		{D6B55033-941F-DAA3-752E-B2BFE7F20AE3}.Release|Any CPU.ActiveCfg = Release|Any CPU
		{D6B55033-941F-DAA3-752E-B2BFE7F20AE3}.Release|Any CPU.Build.0 = Release|Any CPU
		{B1557F04-63C8-0CCE-E526-AF7DBA70E582}.Debug|Any CPU.ActiveCfg = Debug|Any CPU
		{B1557F04-63C8-0CCE-E526-AF7DBA70E582}.Debug|Any CPU.Build.0 = Debug|Any CPU
		{B1557F04-63C8-0CCE-E526-AF7DBA70E582}.Release|Any CPU.ActiveCfg = Release|Any CPU
		{B1557F04-63C8-0CCE-E526-AF7DBA70E582}.Release|Any CPU.Build.0 = Release|Any CPU
		{8642643B-A7AE-13BB-EEF2-C04871A15DA9}.Debug|Any CPU.ActiveCfg = Debug|Any CPU
		{8642643B-A7AE-13BB-EEF2-C04871A15DA9}.Debug|Any CPU.Build.0 = Debug|Any CPU
		{8642643B-A7AE-13BB-EEF2-C04871A15DA9}.Release|Any CPU.ActiveCfg = Release|Any CPU
		{8642643B-A7AE-13BB-EEF2-C04871A15DA9}.Release|Any CPU.Build.0 = Release|Any CPU
		{A19BE562-BE1F-CD37-E49C-B2C573BB4C15}.Debug|Any CPU.ActiveCfg = Debug|Any CPU
		{A19BE562-BE1F-CD37-E49C-B2C573BB4C15}.Debug|Any CPU.Build.0 = Debug|Any CPU
		{A19BE562-BE1F-CD37-E49C-B2C573BB4C15}.Release|Any CPU.ActiveCfg = Release|Any CPU
		{A19BE562-BE1F-CD37-E49C-B2C573BB4C15}.Release|Any CPU.Build.0 = Release|Any CPU
		{0DB2C1C0-9DED-399A-065A-0E42F92826E5}.Debug|Any CPU.ActiveCfg = Debug|Any CPU
		{0DB2C1C0-9DED-399A-065A-0E42F92826E5}.Debug|Any CPU.Build.0 = Debug|Any CPU
		{0DB2C1C0-9DED-399A-065A-0E42F92826E5}.Release|Any CPU.ActiveCfg = Release|Any CPU
		{0DB2C1C0-9DED-399A-065A-0E42F92826E5}.Release|Any CPU.Build.0 = Release|Any CPU
		{6673C880-7A17-0636-0A74-616A7B9A4FEA}.Debug|Any CPU.ActiveCfg = Debug|Any CPU
		{6673C880-7A17-0636-0A74-616A7B9A4FEA}.Debug|Any CPU.Build.0 = Debug|Any CPU
		{6673C880-7A17-0636-0A74-616A7B9A4FEA}.Release|Any CPU.ActiveCfg = Release|Any CPU
		{6673C880-7A17-0636-0A74-616A7B9A4FEA}.Release|Any CPU.Build.0 = Release|Any CPU
		{99DC6B0F-E11A-6D9A-D469-1630DFCC21D2}.Debug|Any CPU.ActiveCfg = Debug|Any CPU
		{99DC6B0F-E11A-6D9A-D469-1630DFCC21D2}.Debug|Any CPU.Build.0 = Debug|Any CPU
		{99DC6B0F-E11A-6D9A-D469-1630DFCC21D2}.Release|Any CPU.ActiveCfg = Release|Any CPU
		{99DC6B0F-E11A-6D9A-D469-1630DFCC21D2}.Release|Any CPU.Build.0 = Release|Any CPU
		{6264CAC5-BCA7-7118-B0D0-05C96627BD55}.Debug|Any CPU.ActiveCfg = Debug|Any CPU
		{6264CAC5-BCA7-7118-B0D0-05C96627BD55}.Debug|Any CPU.Build.0 = Debug|Any CPU
		{6264CAC5-BCA7-7118-B0D0-05C96627BD55}.Release|Any CPU.ActiveCfg = Release|Any CPU
		{6264CAC5-BCA7-7118-B0D0-05C96627BD55}.Release|Any CPU.Build.0 = Release|Any CPU
		{12560764-DB47-6D75-B545-7AD4F7AE47A7}.Debug|Any CPU.ActiveCfg = Debug|Any CPU
		{12560764-DB47-6D75-B545-7AD4F7AE47A7}.Debug|Any CPU.Build.0 = Debug|Any CPU
		{12560764-DB47-6D75-B545-7AD4F7AE47A7}.Release|Any CPU.ActiveCfg = Release|Any CPU
		{12560764-DB47-6D75-B545-7AD4F7AE47A7}.Release|Any CPU.Build.0 = Release|Any CPU
		{08714702-B444-4620-4F24-3BCF618B4CA8}.Debug|Any CPU.ActiveCfg = Debug|Any CPU
		{08714702-B444-4620-4F24-3BCF618B4CA8}.Debug|Any CPU.Build.0 = Debug|Any CPU
		{08714702-B444-4620-4F24-3BCF618B4CA8}.Release|Any CPU.ActiveCfg = Release|Any CPU
		{08714702-B444-4620-4F24-3BCF618B4CA8}.Release|Any CPU.Build.0 = Release|Any CPU
		{A58C8EBD-20EE-B482-39C1-1748990EDF45}.Debug|Any CPU.ActiveCfg = Debug|Any CPU
		{A58C8EBD-20EE-B482-39C1-1748990EDF45}.Debug|Any CPU.Build.0 = Debug|Any CPU
		{A58C8EBD-20EE-B482-39C1-1748990EDF45}.Release|Any CPU.ActiveCfg = Release|Any CPU
		{A58C8EBD-20EE-B482-39C1-1748990EDF45}.Release|Any CPU.Build.0 = Release|Any CPU
		{704FB938-FA6D-80DB-164C-6DC29B5105A4}.Debug|Any CPU.ActiveCfg = Debug|Any CPU
		{704FB938-FA6D-80DB-164C-6DC29B5105A4}.Debug|Any CPU.Build.0 = Debug|Any CPU
		{704FB938-FA6D-80DB-164C-6DC29B5105A4}.Release|Any CPU.ActiveCfg = Release|Any CPU
		{704FB938-FA6D-80DB-164C-6DC29B5105A4}.Release|Any CPU.Build.0 = Release|Any CPU
		{E67B5E45-3244-EF65-002E-0F8B2D5E7986}.Debug|Any CPU.ActiveCfg = Debug|Any CPU
		{E67B5E45-3244-EF65-002E-0F8B2D5E7986}.Debug|Any CPU.Build.0 = Debug|Any CPU
		{E67B5E45-3244-EF65-002E-0F8B2D5E7986}.Release|Any CPU.ActiveCfg = Release|Any CPU
		{E67B5E45-3244-EF65-002E-0F8B2D5E7986}.Release|Any CPU.Build.0 = Release|Any CPU
		{7F1EB7E4-DD86-BE78-FD68-0C39870C8F92}.Debug|Any CPU.ActiveCfg = Debug|Any CPU
		{7F1EB7E4-DD86-BE78-FD68-0C39870C8F92}.Debug|Any CPU.Build.0 = Debug|Any CPU
		{7F1EB7E4-DD86-BE78-FD68-0C39870C8F92}.Release|Any CPU.ActiveCfg = Release|Any CPU
		{7F1EB7E4-DD86-BE78-FD68-0C39870C8F92}.Release|Any CPU.Build.0 = Release|Any CPU
		{34F045C4-904F-2D27-4E3E-2276B53C33D9}.Debug|Any CPU.ActiveCfg = Debug|Any CPU
		{34F045C4-904F-2D27-4E3E-2276B53C33D9}.Debug|Any CPU.Build.0 = Debug|Any CPU
		{34F045C4-904F-2D27-4E3E-2276B53C33D9}.Release|Any CPU.ActiveCfg = Release|Any CPU
		{34F045C4-904F-2D27-4E3E-2276B53C33D9}.Release|Any CPU.Build.0 = Release|Any CPU
		{48B9340C-A2B6-7177-E1B0-95C1C44F5DB7}.Debug|Any CPU.ActiveCfg = Debug|Any CPU
		{48B9340C-A2B6-7177-E1B0-95C1C44F5DB7}.Debug|Any CPU.Build.0 = Debug|Any CPU
		{48B9340C-A2B6-7177-E1B0-95C1C44F5DB7}.Release|Any CPU.ActiveCfg = Release|Any CPU
		{48B9340C-A2B6-7177-E1B0-95C1C44F5DB7}.Release|Any CPU.Build.0 = Release|Any CPU
		{77D201B0-6B20-E404-1634-76C9EC6B1702}.Debug|Any CPU.ActiveCfg = Debug|Any CPU
		{77D201B0-6B20-E404-1634-76C9EC6B1702}.Debug|Any CPU.Build.0 = Debug|Any CPU
		{77D201B0-6B20-E404-1634-76C9EC6B1702}.Release|Any CPU.ActiveCfg = Release|Any CPU
		{77D201B0-6B20-E404-1634-76C9EC6B1702}.Release|Any CPU.Build.0 = Release|Any CPU
		{9E5B83E0-BBB2-1DD8-BEA1-0A4F3786A7D8}.Debug|Any CPU.ActiveCfg = Debug|Any CPU
		{9E5B83E0-BBB2-1DD8-BEA1-0A4F3786A7D8}.Debug|Any CPU.Build.0 = Debug|Any CPU
		{9E5B83E0-BBB2-1DD8-BEA1-0A4F3786A7D8}.Release|Any CPU.ActiveCfg = Release|Any CPU
		{9E5B83E0-BBB2-1DD8-BEA1-0A4F3786A7D8}.Release|Any CPU.Build.0 = Release|Any CPU
		{F0D66C7D-8103-1AE6-F8F0-DDA54E3E582F}.Debug|Any CPU.ActiveCfg = Debug|Any CPU
		{F0D66C7D-8103-1AE6-F8F0-DDA54E3E582F}.Debug|Any CPU.Build.0 = Debug|Any CPU
		{F0D66C7D-8103-1AE6-F8F0-DDA54E3E582F}.Release|Any CPU.ActiveCfg = Release|Any CPU
		{F0D66C7D-8103-1AE6-F8F0-DDA54E3E582F}.Release|Any CPU.Build.0 = Release|Any CPU
		{9CBA81BE-974A-BC13-3531-9DF1A13AE175}.Debug|Any CPU.ActiveCfg = Debug|Any CPU
		{9CBA81BE-974A-BC13-3531-9DF1A13AE175}.Debug|Any CPU.Build.0 = Debug|Any CPU
		{9CBA81BE-974A-BC13-3531-9DF1A13AE175}.Release|Any CPU.ActiveCfg = Release|Any CPU
		{9CBA81BE-974A-BC13-3531-9DF1A13AE175}.Release|Any CPU.Build.0 = Release|Any CPU
		{B30DB48F-5985-5CB9-5623-081FAEB7D48E}.Debug|Any CPU.ActiveCfg = Debug|Any CPU
		{B30DB48F-5985-5CB9-5623-081FAEB7D48E}.Debug|Any CPU.Build.0 = Debug|Any CPU
		{B30DB48F-5985-5CB9-5623-081FAEB7D48E}.Release|Any CPU.ActiveCfg = Release|Any CPU
		{B30DB48F-5985-5CB9-5623-081FAEB7D48E}.Release|Any CPU.Build.0 = Release|Any CPU
		{81E35A08-4741-846F-C1F1-7A0AEB8DB71E}.Debug|Any CPU.ActiveCfg = Debug|Any CPU
		{81E35A08-4741-846F-C1F1-7A0AEB8DB71E}.Debug|Any CPU.Build.0 = Debug|Any CPU
		{81E35A08-4741-846F-C1F1-7A0AEB8DB71E}.Release|Any CPU.ActiveCfg = Release|Any CPU
		{81E35A08-4741-846F-C1F1-7A0AEB8DB71E}.Release|Any CPU.Build.0 = Release|Any CPU
		{083E9A6A-1F4E-42E6-D955-5D4E8561A8B4}.Debug|Any CPU.ActiveCfg = Debug|Any CPU
		{083E9A6A-1F4E-42E6-D955-5D4E8561A8B4}.Debug|Any CPU.Build.0 = Debug|Any CPU
		{083E9A6A-1F4E-42E6-D955-5D4E8561A8B4}.Release|Any CPU.ActiveCfg = Release|Any CPU
		{083E9A6A-1F4E-42E6-D955-5D4E8561A8B4}.Release|Any CPU.Build.0 = Release|Any CPU
		{7D2CA5E3-572B-502A-F152-111747D424D2}.Debug|Any CPU.ActiveCfg = Debug|Any CPU
		{7D2CA5E3-572B-502A-F152-111747D424D2}.Debug|Any CPU.Build.0 = Debug|Any CPU
		{7D2CA5E3-572B-502A-F152-111747D424D2}.Release|Any CPU.ActiveCfg = Release|Any CPU
		{7D2CA5E3-572B-502A-F152-111747D424D2}.Release|Any CPU.Build.0 = Release|Any CPU
	EndGlobalSection
	GlobalSection(SolutionProperties) = preSolution
		HideSolutionNode = FALSE
	EndGlobalSection
EndGlobal
